// !$*UTF8*$!
{
	archiveVersion = 1;
	classes = {
	};
	objectVersion = 56;
	objects = {

/* Begin PBXBuildFile section */
		B3FE1B6529E1B0C40065FE23 /* SmillyApp.swift in Sources */ = {isa = PBXBuildFile; fileRef = B3FE1B6429E1B0C40065FE23 /* SmillyApp.swift */; };
		B3FE1B6729E1B0C40065FE23 /* ContentView.swift in Sources */ = {isa = PBXBuildFile; fileRef = B3FE1B6629E1B0C40065FE23 /* ContentView.swift */; };
		B3FE1B6929E1B0C50065FE23 /* Assets.xcassets in Resources */ = {isa = PBXBuildFile; fileRef = B3FE1B6829E1B0C50065FE23 /* Assets.xcassets */; };
		B3FE1B6C29E1B0C50065FE23 /* Preview Assets.xcassets in Resources */ = {isa = PBXBuildFile; fileRef = B3FE1B6B29E1B0C50065FE23 /* Preview Assets.xcassets */; };
		B3FE1B7629E1B0C50065FE23 /* SmillyTests.swift in Sources */ = {isa = PBXBuildFile; fileRef = B3FE1B7529E1B0C50065FE23 /* SmillyTests.swift */; };
		B3FE1B8029E1B0C50065FE23 /* SmillyUITests.swift in Sources */ = {isa = PBXBuildFile; fileRef = B3FE1B7F29E1B0C50065FE23 /* SmillyUITests.swift */; };
		B3FE1B8229E1B0C50065FE23 /* SmillyUITestsLaunchTests.swift in Sources */ = {isa = PBXBuildFile; fileRef = B3FE1B8129E1B0C50065FE23 /* SmillyUITestsLaunchTests.swift */; };
		B3FE1B9029E1F1340065FE23 /* LocationManager.swift in Sources */ = {isa = PBXBuildFile; fileRef = B3FE1B8F29E1F1340065FE23 /* LocationManager.swift */; };
/* End PBXBuildFile section */

/* Begin PBXContainerItemProxy section */
		B3FE1B7229E1B0C50065FE23 /* PBXContainerItemProxy */ = {
			isa = PBXContainerItemProxy;
			containerPortal = B3FE1B5929E1B0C40065FE23 /* Project object */;
			proxyType = 1;
			remoteGlobalIDString = B3FE1B6029E1B0C40065FE23;
			remoteInfo = Smilly;
		};
		B3FE1B7C29E1B0C50065FE23 /* PBXContainerItemProxy */ = {
			isa = PBXContainerItemProxy;
			containerPortal = B3FE1B5929E1B0C40065FE23 /* Project object */;
			proxyType = 1;
			remoteGlobalIDString = B3FE1B6029E1B0C40065FE23;
			remoteInfo = Smilly;
		};
/* End PBXContainerItemProxy section */

/* Begin PBXFileReference section */
		B3FE1B6129E1B0C40065FE23 /* Smilly.app */ = {isa = PBXFileReference; explicitFileType = wrapper.application; includeInIndex = 0; path = Smilly.app; sourceTree = BUILT_PRODUCTS_DIR; };
		B3FE1B6429E1B0C40065FE23 /* SmillyApp.swift */ = {isa = PBXFileReference; lastKnownFileType = sourcecode.swift; path = SmillyApp.swift; sourceTree = "<group>"; };
		B3FE1B6629E1B0C40065FE23 /* ContentView.swift */ = {isa = PBXFileReference; lastKnownFileType = sourcecode.swift; path = ContentView.swift; sourceTree = "<group>"; };
		B3FE1B6829E1B0C50065FE23 /* Assets.xcassets */ = {isa = PBXFileReference; lastKnownFileType = folder.assetcatalog; path = Assets.xcassets; sourceTree = "<group>"; };
		B3FE1B6B29E1B0C50065FE23 /* Preview Assets.xcassets */ = {isa = PBXFileReference; lastKnownFileType = folder.assetcatalog; path = "Preview Assets.xcassets"; sourceTree = "<group>"; };
		B3FE1B7129E1B0C50065FE23 /* SmillyTests.xctest */ = {isa = PBXFileReference; explicitFileType = wrapper.cfbundle; includeInIndex = 0; path = SmillyTests.xctest; sourceTree = BUILT_PRODUCTS_DIR; };
		B3FE1B7529E1B0C50065FE23 /* SmillyTests.swift */ = {isa = PBXFileReference; lastKnownFileType = sourcecode.swift; path = SmillyTests.swift; sourceTree = "<group>"; };
		B3FE1B7B29E1B0C50065FE23 /* SmillyUITests.xctest */ = {isa = PBXFileReference; explicitFileType = wrapper.cfbundle; includeInIndex = 0; path = SmillyUITests.xctest; sourceTree = BUILT_PRODUCTS_DIR; };
		B3FE1B7F29E1B0C50065FE23 /* SmillyUITests.swift */ = {isa = PBXFileReference; lastKnownFileType = sourcecode.swift; path = SmillyUITests.swift; sourceTree = "<group>"; };
		B3FE1B8129E1B0C50065FE23 /* SmillyUITestsLaunchTests.swift */ = {isa = PBXFileReference; lastKnownFileType = sourcecode.swift; path = SmillyUITestsLaunchTests.swift; sourceTree = "<group>"; };
		B3FE1B8E29E1D32A0065FE23 /* Info.plist */ = {isa = PBXFileReference; lastKnownFileType = text.plist; path = Info.plist; sourceTree = "<group>"; };
		B3FE1B8F29E1F1340065FE23 /* LocationManager.swift */ = {isa = PBXFileReference; lastKnownFileType = sourcecode.swift; path = LocationManager.swift; sourceTree = "<group>"; };
/* End PBXFileReference section */

/* Begin PBXFrameworksBuildPhase section */
		B3FE1B5E29E1B0C40065FE23 /* Frameworks */ = {
			isa = PBXFrameworksBuildPhase;
			buildActionMask = 2147483647;
			files = (
			);
			runOnlyForDeploymentPostprocessing = 0;
		};
		B3FE1B6E29E1B0C50065FE23 /* Frameworks */ = {
			isa = PBXFrameworksBuildPhase;
			buildActionMask = 2147483647;
			files = (
			);
			runOnlyForDeploymentPostprocessing = 0;
		};
		B3FE1B7829E1B0C50065FE23 /* Frameworks */ = {
			isa = PBXFrameworksBuildPhase;
			buildActionMask = 2147483647;
			files = (
			);
			runOnlyForDeploymentPostprocessing = 0;
		};
/* End PBXFrameworksBuildPhase section */

/* Begin PBXGroup section */
		B3FE1B5829E1B0C40065FE23 = {
			isa = PBXGroup;
			children = (
				B3FE1B6329E1B0C40065FE23 /* Smilly */,
				B3FE1B7429E1B0C50065FE23 /* SmillyTests */,
				B3FE1B7E29E1B0C50065FE23 /* SmillyUITests */,
				B3FE1B6229E1B0C40065FE23 /* Products */,
			);
			sourceTree = "<group>";
		};
		B3FE1B6229E1B0C40065FE23 /* Products */ = {
			isa = PBXGroup;
			children = (
				B3FE1B6129E1B0C40065FE23 /* Smilly.app */,
				B3FE1B7129E1B0C50065FE23 /* SmillyTests.xctest */,
				B3FE1B7B29E1B0C50065FE23 /* SmillyUITests.xctest */,
			);
			name = Products;
			sourceTree = "<group>";
		};
		B3FE1B6329E1B0C40065FE23 /* Smilly */ = {
			isa = PBXGroup;
			children = (
				B3FE1B8E29E1D32A0065FE23 /* Info.plist */,
				B3FE1B6429E1B0C40065FE23 /* SmillyApp.swift */,
				B3FE1B6629E1B0C40065FE23 /* ContentView.swift */,
				B3FE1B8F29E1F1340065FE23 /* LocationManager.swift */,
				B3FE1B6829E1B0C50065FE23 /* Assets.xcassets */,
				B3FE1B6A29E1B0C50065FE23 /* Preview Content */,
			);
			path = Smilly;
			sourceTree = "<group>";
		};
		B3FE1B6A29E1B0C50065FE23 /* Preview Content */ = {
			isa = PBXGroup;
			children = (
				B3FE1B6B29E1B0C50065FE23 /* Preview Assets.xcassets */,
			);
			path = "Preview Content";
			sourceTree = "<group>";
		};
		B3FE1B7429E1B0C50065FE23 /* SmillyTests */ = {
			isa = PBXGroup;
			children = (
				B3FE1B7529E1B0C50065FE23 /* SmillyTests.swift */,
			);
			path = SmillyTests;
			sourceTree = "<group>";
		};
		B3FE1B7E29E1B0C50065FE23 /* SmillyUITests */ = {
			isa = PBXGroup;
			children = (
				B3FE1B7F29E1B0C50065FE23 /* SmillyUITests.swift */,
				B3FE1B8129E1B0C50065FE23 /* SmillyUITestsLaunchTests.swift */,
			);
			path = SmillyUITests;
			sourceTree = "<group>";
		};
/* End PBXGroup section */

/* Begin PBXNativeTarget section */
		B3FE1B6029E1B0C40065FE23 /* Smilly */ = {
			isa = PBXNativeTarget;
			buildConfigurationList = B3FE1B8529E1B0C50065FE23 /* Build configuration list for PBXNativeTarget "Smilly" */;
			buildPhases = (
				B3FE1B5D29E1B0C40065FE23 /* Sources */,
				B3FE1B5E29E1B0C40065FE23 /* Frameworks */,
				B3FE1B5F29E1B0C40065FE23 /* Resources */,
			);
			buildRules = (
			);
			dependencies = (
			);
			name = Smilly;
			productName = Smilly;
			productReference = B3FE1B6129E1B0C40065FE23 /* Smilly.app */;
			productType = "com.apple.product-type.application";
		};
		B3FE1B7029E1B0C50065FE23 /* SmillyTests */ = {
			isa = PBXNativeTarget;
			buildConfigurationList = B3FE1B8829E1B0C50065FE23 /* Build configuration list for PBXNativeTarget "SmillyTests" */;
			buildPhases = (
				B3FE1B6D29E1B0C50065FE23 /* Sources */,
				B3FE1B6E29E1B0C50065FE23 /* Frameworks */,
				B3FE1B6F29E1B0C50065FE23 /* Resources */,
			);
			buildRules = (
			);
			dependencies = (
				B3FE1B7329E1B0C50065FE23 /* PBXTargetDependency */,
			);
			name = SmillyTests;
			productName = SmillyTests;
			productReference = B3FE1B7129E1B0C50065FE23 /* SmillyTests.xctest */;
			productType = "com.apple.product-type.bundle.unit-test";
		};
		B3FE1B7A29E1B0C50065FE23 /* SmillyUITests */ = {
			isa = PBXNativeTarget;
			buildConfigurationList = B3FE1B8B29E1B0C50065FE23 /* Build configuration list for PBXNativeTarget "SmillyUITests" */;
			buildPhases = (
				B3FE1B7729E1B0C50065FE23 /* Sources */,
				B3FE1B7829E1B0C50065FE23 /* Frameworks */,
				B3FE1B7929E1B0C50065FE23 /* Resources */,
			);
			buildRules = (
			);
			dependencies = (
				B3FE1B7D29E1B0C50065FE23 /* PBXTargetDependency */,
			);
			name = SmillyUITests;
			productName = SmillyUITests;
			productReference = B3FE1B7B29E1B0C50065FE23 /* SmillyUITests.xctest */;
			productType = "com.apple.product-type.bundle.ui-testing";
		};
/* End PBXNativeTarget section */

/* Begin PBXProject section */
		B3FE1B5929E1B0C40065FE23 /* Project object */ = {
			isa = PBXProject;
			attributes = {
				BuildIndependentTargetsInParallel = 1;
				LastSwiftUpdateCheck = 1420;
				LastUpgradeCheck = 1420;
				TargetAttributes = {
					B3FE1B6029E1B0C40065FE23 = {
						CreatedOnToolsVersion = 14.2;
					};
					B3FE1B7029E1B0C50065FE23 = {
						CreatedOnToolsVersion = 14.2;
						TestTargetID = B3FE1B6029E1B0C40065FE23;
					};
					B3FE1B7A29E1B0C50065FE23 = {
						CreatedOnToolsVersion = 14.2;
						TestTargetID = B3FE1B6029E1B0C40065FE23;
					};
				};
			};
			buildConfigurationList = B3FE1B5C29E1B0C40065FE23 /* Build configuration list for PBXProject "Smilly" */;
			compatibilityVersion = "Xcode 14.0";
			developmentRegion = en;
			hasScannedForEncodings = 0;
			knownRegions = (
				en,
				Base,
			);
			mainGroup = B3FE1B5829E1B0C40065FE23;
			productRefGroup = B3FE1B6229E1B0C40065FE23 /* Products */;
			projectDirPath = "";
			projectRoot = "";
			targets = (
				B3FE1B6029E1B0C40065FE23 /* Smilly */,
				B3FE1B7029E1B0C50065FE23 /* SmillyTests */,
				B3FE1B7A29E1B0C50065FE23 /* SmillyUITests */,
			);
		};
/* End PBXProject section */

/* Begin PBXResourcesBuildPhase section */
		B3FE1B5F29E1B0C40065FE23 /* Resources */ = {
			isa = PBXResourcesBuildPhase;
			buildActionMask = 2147483647;
			files = (
				B3FE1B6C29E1B0C50065FE23 /* Preview Assets.xcassets in Resources */,
				B3FE1B6929E1B0C50065FE23 /* Assets.xcassets in Resources */,
			);
			runOnlyForDeploymentPostprocessing = 0;
		};
		B3FE1B6F29E1B0C50065FE23 /* Resources */ = {
			isa = PBXResourcesBuildPhase;
			buildActionMask = 2147483647;
			files = (
			);
			runOnlyForDeploymentPostprocessing = 0;
		};
		B3FE1B7929E1B0C50065FE23 /* Resources */ = {
			isa = PBXResourcesBuildPhase;
			buildActionMask = 2147483647;
			files = (
			);
			runOnlyForDeploymentPostprocessing = 0;
		};
/* End PBXResourcesBuildPhase section */

/* Begin PBXSourcesBuildPhase section */
		B3FE1B5D29E1B0C40065FE23 /* Sources */ = {
			isa = PBXSourcesBuildPhase;
			buildActionMask = 2147483647;
			files = (
				B3FE1B6729E1B0C40065FE23 /* ContentView.swift in Sources */,
				B3FE1B6529E1B0C40065FE23 /* SmillyApp.swift in Sources */,
				B3FE1B9029E1F1340065FE23 /* LocationManager.swift in Sources */,
			);
			runOnlyForDeploymentPostprocessing = 0;
		};
		B3FE1B6D29E1B0C50065FE23 /* Sources */ = {
			isa = PBXSourcesBuildPhase;
			buildActionMask = 2147483647;
			files = (
				B3FE1B7629E1B0C50065FE23 /* SmillyTests.swift in Sources */,
			);
			runOnlyForDeploymentPostprocessing = 0;
		};
		B3FE1B7729E1B0C50065FE23 /* Sources */ = {
			isa = PBXSourcesBuildPhase;
			buildActionMask = 2147483647;
			files = (
				B3FE1B8229E1B0C50065FE23 /* SmillyUITestsLaunchTests.swift in Sources */,
				B3FE1B8029E1B0C50065FE23 /* SmillyUITests.swift in Sources */,
			);
			runOnlyForDeploymentPostprocessing = 0;
		};
/* End PBXSourcesBuildPhase section */

/* Begin PBXTargetDependency section */
		B3FE1B7329E1B0C50065FE23 /* PBXTargetDependency */ = {
			isa = PBXTargetDependency;
			target = B3FE1B6029E1B0C40065FE23 /* Smilly */;
			targetProxy = B3FE1B7229E1B0C50065FE23 /* PBXContainerItemProxy */;
		};
		B3FE1B7D29E1B0C50065FE23 /* PBXTargetDependency */ = {
			isa = PBXTargetDependency;
			target = B3FE1B6029E1B0C40065FE23 /* Smilly */;
			targetProxy = B3FE1B7C29E1B0C50065FE23 /* PBXContainerItemProxy */;
		};
/* End PBXTargetDependency section */

/* Begin XCBuildConfiguration section */
		B3FE1B8329E1B0C50065FE23 /* Debug */ = {
			isa = XCBuildConfiguration;
			buildSettings = {
				ALWAYS_SEARCH_USER_PATHS = NO;
				CLANG_ANALYZER_NONNULL = YES;
				CLANG_ANALYZER_NUMBER_OBJECT_CONVERSION = YES_AGGRESSIVE;
				CLANG_CXX_LANGUAGE_STANDARD = "gnu++20";
				CLANG_ENABLE_MODULES = YES;
				CLANG_ENABLE_OBJC_ARC = YES;
				CLANG_ENABLE_OBJC_WEAK = YES;
				CLANG_WARN_BLOCK_CAPTURE_AUTORELEASING = YES;
				CLANG_WARN_BOOL_CONVERSION = YES;
				CLANG_WARN_COMMA = YES;
				CLANG_WARN_CONSTANT_CONVERSION = YES;
				CLANG_WARN_DEPRECATED_OBJC_IMPLEMENTATIONS = YES;
				CLANG_WARN_DIRECT_OBJC_ISA_USAGE = YES_ERROR;
				CLANG_WARN_DOCUMENTATION_COMMENTS = YES;
				CLANG_WARN_EMPTY_BODY = YES;
				CLANG_WARN_ENUM_CONVERSION = YES;
				CLANG_WARN_INFINITE_RECURSION = YES;
				CLANG_WARN_INT_CONVERSION = YES;
				CLANG_WARN_NON_LITERAL_NULL_CONVERSION = YES;
				CLANG_WARN_OBJC_IMPLICIT_RETAIN_SELF = YES;
				CLANG_WARN_OBJC_LITERAL_CONVERSION = YES;
				CLANG_WARN_OBJC_ROOT_CLASS = YES_ERROR;
				CLANG_WARN_QUOTED_INCLUDE_IN_FRAMEWORK_HEADER = YES;
				CLANG_WARN_RANGE_LOOP_ANALYSIS = YES;
				CLANG_WARN_STRICT_PROTOTYPES = YES;
				CLANG_WARN_SUSPICIOUS_MOVE = YES;
				CLANG_WARN_UNGUARDED_AVAILABILITY = YES_AGGRESSIVE;
				CLANG_WARN_UNREACHABLE_CODE = YES;
				CLANG_WARN__DUPLICATE_METHOD_MATCH = YES;
				COPY_PHASE_STRIP = NO;
				DEBUG_INFORMATION_FORMAT = dwarf;
				ENABLE_STRICT_OBJC_MSGSEND = YES;
				ENABLE_TESTABILITY = YES;
				GCC_C_LANGUAGE_STANDARD = gnu11;
				GCC_DYNAMIC_NO_PIC = NO;
				GCC_NO_COMMON_BLOCKS = YES;
				GCC_OPTIMIZATION_LEVEL = 0;
				GCC_PREPROCESSOR_DEFINITIONS = (
					"DEBUG=1",
					"$(inherited)",
				);
				GCC_WARN_64_TO_32_BIT_CONVERSION = YES;
				GCC_WARN_ABOUT_RETURN_TYPE = YES_ERROR;
				GCC_WARN_UNDECLARED_SELECTOR = YES;
				GCC_WARN_UNINITIALIZED_AUTOS = YES_AGGRESSIVE;
				GCC_WARN_UNUSED_FUNCTION = YES;
				GCC_WARN_UNUSED_VARIABLE = YES;
				IPHONEOS_DEPLOYMENT_TARGET = 16.2;
				MTL_ENABLE_DEBUG_INFO = INCLUDE_SOURCE;
				MTL_FAST_MATH = YES;
				ONLY_ACTIVE_ARCH = YES;
				SDKROOT = iphoneos;
				SWIFT_ACTIVE_COMPILATION_CONDITIONS = DEBUG;
				SWIFT_OPTIMIZATION_LEVEL = "-Onone";
			};
			name = Debug;
		};
		B3FE1B8429E1B0C50065FE23 /* Release */ = {
			isa = XCBuildConfiguration;
			buildSettings = {
				ALWAYS_SEARCH_USER_PATHS = NO;
				CLANG_ANALYZER_NONNULL = YES;
				CLANG_ANALYZER_NUMBER_OBJECT_CONVERSION = YES_AGGRESSIVE;
				CLANG_CXX_LANGUAGE_STANDARD = "gnu++20";
				CLANG_ENABLE_MODULES = YES;
				CLANG_ENABLE_OBJC_ARC = YES;
				CLANG_ENABLE_OBJC_WEAK = YES;
				CLANG_WARN_BLOCK_CAPTURE_AUTORELEASING = YES;
				CLANG_WARN_BOOL_CONVERSION = YES;
				CLANG_WARN_COMMA = YES;
				CLANG_WARN_CONSTANT_CONVERSION = YES;
				CLANG_WARN_DEPRECATED_OBJC_IMPLEMENTATIONS = YES;
				CLANG_WARN_DIRECT_OBJC_ISA_USAGE = YES_ERROR;
				CLANG_WARN_DOCUMENTATION_COMMENTS = YES;
				CLANG_WARN_EMPTY_BODY = YES;
				CLANG_WARN_ENUM_CONVERSION = YES;
				CLANG_WARN_INFINITE_RECURSION = YES;
				CLANG_WARN_INT_CONVERSION = YES;
				CLANG_WARN_NON_LITERAL_NULL_CONVERSION = YES;
				CLANG_WARN_OBJC_IMPLICIT_RETAIN_SELF = YES;
				CLANG_WARN_OBJC_LITERAL_CONVERSION = YES;
				CLANG_WARN_OBJC_ROOT_CLASS = YES_ERROR;
				CLANG_WARN_QUOTED_INCLUDE_IN_FRAMEWORK_HEADER = YES;
				CLANG_WARN_RANGE_LOOP_ANALYSIS = YES;
				CLANG_WARN_STRICT_PROTOTYPES = YES;
				CLANG_WARN_SUSPICIOUS_MOVE = YES;
				CLANG_WARN_UNGUARDED_AVAILABILITY = YES_AGGRESSIVE;
				CLANG_WARN_UNREACHABLE_CODE = YES;
				CLANG_WARN__DUPLICATE_METHOD_MATCH = YES;
				COPY_PHASE_STRIP = NO;
				DEBUG_INFORMATION_FORMAT = "dwarf-with-dsym";
				ENABLE_NS_ASSERTIONS = NO;
				ENABLE_STRICT_OBJC_MSGSEND = YES;
				GCC_C_LANGUAGE_STANDARD = gnu11;
				GCC_NO_COMMON_BLOCKS = YES;
				GCC_WARN_64_TO_32_BIT_CONVERSION = YES;
				GCC_WARN_ABOUT_RETURN_TYPE = YES_ERROR;
				GCC_WARN_UNDECLARED_SELECTOR = YES;
				GCC_WARN_UNINITIALIZED_AUTOS = YES_AGGRESSIVE;
				GCC_WARN_UNUSED_FUNCTION = YES;
				GCC_WARN_UNUSED_VARIABLE = YES;
				IPHONEOS_DEPLOYMENT_TARGET = 16.2;
				MTL_ENABLE_DEBUG_INFO = NO;
				MTL_FAST_MATH = YES;
				SDKROOT = iphoneos;
				SWIFT_COMPILATION_MODE = wholemodule;
				SWIFT_OPTIMIZATION_LEVEL = "-O";
				VALIDATE_PRODUCT = YES;
			};
			name = Release;
		};
		B3FE1B8629E1B0C50065FE23 /* Debug */ = {
			isa = XCBuildConfiguration;
			buildSettings = {
				ASSETCATALOG_COMPILER_APPICON_NAME = AppIcon;
				ASSETCATALOG_COMPILER_GLOBAL_ACCENT_COLOR_NAME = AccentColor;
				CODE_SIGN_STYLE = Automatic;
				CURRENT_PROJECT_VERSION = 1;
				DEVELOPMENT_ASSET_PATHS = "\"Smilly/Preview Content\"";
				DEVELOPMENT_TEAM = 9Q83NDCFN9;
				ENABLE_PREVIEWS = YES;
				GENERATE_INFOPLIST_FILE = YES;
				INFOPLIST_FILE = Smilly/Info.plist;
				INFOPLIST_KEY_UIApplicationSceneManifest_Generation = YES;
				INFOPLIST_KEY_UIApplicationSupportsIndirectInputEvents = YES;
				INFOPLIST_KEY_UILaunchScreen_Generation = YES;
				INFOPLIST_KEY_UISupportedInterfaceOrientations_iPad = "UIInterfaceOrientationPortrait UIInterfaceOrientationPortraitUpsideDown UIInterfaceOrientationLandscapeLeft UIInterfaceOrientationLandscapeRight";
				INFOPLIST_KEY_UISupportedInterfaceOrientations_iPhone = "UIInterfaceOrientationPortrait UIInterfaceOrientationLandscapeLeft UIInterfaceOrientationLandscapeRight";
				LD_RUNPATH_SEARCH_PATHS = (
					"$(inherited)",
					"@executable_path/Frameworks",
				);
				MARKETING_VERSION = 1.0;
				PRODUCT_BUNDLE_IDENTIFIER = "Michael-Lutz.Smilly";
				PRODUCT_NAME = "$(TARGET_NAME)";
				SWIFT_EMIT_LOC_STRINGS = YES;
				SWIFT_VERSION = 5.0;
				TARGETED_DEVICE_FAMILY = "1,2";
			};
			name = Debug;
		};
		B3FE1B8729E1B0C50065FE23 /* Release */ = {
			isa = XCBuildConfiguration;
			buildSettings = {
				ASSETCATALOG_COMPILER_APPICON_NAME = AppIcon;
				ASSETCATALOG_COMPILER_GLOBAL_ACCENT_COLOR_NAME = AccentColor;
				CODE_SIGN_STYLE = Automatic;
				CURRENT_PROJECT_VERSION = 1;
				DEVELOPMENT_ASSET_PATHS = "\"Smilly/Preview Content\"";
				DEVELOPMENT_TEAM = 9Q83NDCFN9;
				ENABLE_PREVIEWS = YES;
				GENERATE_INFOPLIST_FILE = YES;
				INFOPLIST_FILE = Smilly/Info.plist;
				INFOPLIST_KEY_UIApplicationSceneManifest_Generation = YES;
				INFOPLIST_KEY_UIApplicationSupportsIndirectInputEvents = YES;
				INFOPLIST_KEY_UILaunchScreen_Generation = YES;
				INFOPLIST_KEY_UISupportedInterfaceOrientations_iPad = "UIInterfaceOrientationPortrait UIInterfaceOrientationPortraitUpsideDown UIInterfaceOrientationLandscapeLeft UIInterfaceOrientationLandscapeRight";
				INFOPLIST_KEY_UISupportedInterfaceOrientations_iPhone = "UIInterfaceOrientationPortrait UIInterfaceOrientationLandscapeLeft UIInterfaceOrientationLandscapeRight";
				LD_RUNPATH_SEARCH_PATHS = (
					"$(inherited)",
					"@executable_path/Frameworks",
				);
				MARKETING_VERSION = 1.0;
				PRODUCT_BUNDLE_IDENTIFIER = "Michael-Lutz.Smilly";
				PRODUCT_NAME = "$(TARGET_NAME)";
				SWIFT_EMIT_LOC_STRINGS = YES;
				SWIFT_VERSION = 5.0;
				TARGETED_DEVICE_FAMILY = "1,2";
			};
			name = Release;
		};
		B3FE1B8929E1B0C50065FE23 /* Debug */ = {
			isa = XCBuildConfiguration;
			buildSettings = {
				ALWAYS_EMBED_SWIFT_STANDARD_LIBRARIES = YES;
				BUNDLE_LOADER = "$(TEST_HOST)";
				CODE_SIGN_STYLE = Automatic;
				CURRENT_PROJECT_VERSION = 1;
				DEVELOPMENT_TEAM = 9Q83NDCFN9;
				GENERATE_INFOPLIST_FILE = YES;
				IPHONEOS_DEPLOYMENT_TARGET = 16.2;
				MARKETING_VERSION = 1.0;
				PRODUCT_BUNDLE_IDENTIFIER = "Michael-Lutz.SmillyTests";
				PRODUCT_NAME = "$(TARGET_NAME)";
				SWIFT_EMIT_LOC_STRINGS = NO;
				SWIFT_VERSION = 5.0;
				TARGETED_DEVICE_FAMILY = "1,2";
				TEST_HOST = "$(BUILT_PRODUCTS_DIR)/Smilly.app/$(BUNDLE_EXECUTABLE_FOLDER_PATH)/Smilly";
			};
			name = Debug;
		};
		B3FE1B8A29E1B0C50065FE23 /* Release */ = {
			isa = XCBuildConfiguration;
			buildSettings = {
				ALWAYS_EMBED_SWIFT_STANDARD_LIBRARIES = YES;
				BUNDLE_LOADER = "$(TEST_HOST)";
				CODE_SIGN_STYLE = Automatic;
				CURRENT_PROJECT_VERSION = 1;
				DEVELOPMENT_TEAM = 9Q83NDCFN9;
				GENERATE_INFOPLIST_FILE = YES;
				IPHONEOS_DEPLOYMENT_TARGET = 16.2;
				MARKETING_VERSION = 1.0;
				PRODUCT_BUNDLE_IDENTIFIER = "Michael-Lutz.SmillyTests";
				PRODUCT_NAME = "$(TARGET_NAME)";
				SWIFT_EMIT_LOC_STRINGS = NO;
				SWIFT_VERSION = 5.0;
				TARGETED_DEVICE_FAMILY = "1,2";
				TEST_HOST = "$(BUILT_PRODUCTS_DIR)/Smilly.app/$(BUNDLE_EXECUTABLE_FOLDER_PATH)/Smilly";
			};
			name = Release;
		};
		B3FE1B8C29E1B0C50065FE23 /* Debug */ = {
			isa = XCBuildConfiguration;
			buildSettings = {
				ALWAYS_EMBED_SWIFT_STANDARD_LIBRARIES = YES;
				CODE_SIGN_STYLE = Automatic;
				CURRENT_PROJECT_VERSION = 1;
				DEVELOPMENT_TEAM = 9Q83NDCFN9;
				GENERATE_INFOPLIST_FILE = YES;
				MARKETING_VERSION = 1.0;
				PRODUCT_BUNDLE_IDENTIFIER = "Michael-Lutz.SmillyUITests";
				PRODUCT_NAME = "$(TARGET_NAME)";
				SWIFT_EMIT_LOC_STRINGS = NO;
				SWIFT_VERSION = 5.0;
				TARGETED_DEVICE_FAMILY = "1,2";
				TEST_TARGET_NAME = Smilly;
			};
			name = Debug;
		};
		B3FE1B8D29E1B0C50065FE23 /* Release */ = {
			isa = XCBuildConfiguration;
			buildSettings = {
				ALWAYS_EMBED_SWIFT_STANDARD_LIBRARIES = YES;
				CODE_SIGN_STYLE = Automatic;
				CURRENT_PROJECT_VERSION = 1;
				DEVELOPMENT_TEAM = 9Q83NDCFN9;
				GENERATE_INFOPLIST_FILE = YES;
				MARKETING_VERSION = 1.0;
				PRODUCT_BUNDLE_IDENTIFIER = "Michael-Lutz.SmillyUITests";
				PRODUCT_NAME = "$(TARGET_NAME)";
				SWIFT_EMIT_LOC_STRINGS = NO;
				SWIFT_VERSION = 5.0;
				TARGETED_DEVICE_FAMILY = "1,2";
				TEST_TARGET_NAME = Smilly;
			};
			name = Release;
		};
/* End XCBuildConfiguration section */

/* Begin XCConfigurationList section */
		B3FE1B5C29E1B0C40065FE23 /* Build configuration list for PBXProject "Smilly" */ = {
			isa = XCConfigurationList;
			buildConfigurations = (
				B3FE1B8329E1B0C50065FE23 /* Debug */,
				B3FE1B8429E1B0C50065FE23 /* Release */,
			);
			defaultConfigurationIsVisible = 0;
			defaultConfigurationName = Release;
		};
		B3FE1B8529E1B0C50065FE23 /* Build configuration list for PBXNativeTarget "Smilly" */ = {
			isa = XCConfigurationList;
			buildConfigurations = (
				B3FE1B8629E1B0C50065FE23 /* Debug */,
				B3FE1B8729E1B0C50065FE23 /* Release */,
			);
			defaultConfigurationIsVisible = 0;
			defaultConfigurationName = Release;
		};
		B3FE1B8829E1B0C50065FE23 /* Build configuration list for PBXNativeTarget "SmillyTests" */ = {
			isa = XCConfigurationList;
			buildConfigurations = (
				B3FE1B8929E1B0C50065FE23 /* Debug */,
				B3FE1B8A29E1B0C50065FE23 /* Release */,
			);
			defaultConfigurationIsVisible = 0;
			defaultConfigurationName = Release;
		};
		B3FE1B8B29E1B0C50065FE23 /* Build configuration list for PBXNativeTarget "SmillyUITests" */ = {
			isa = XCConfigurationList;
			buildConfigurations = (
				B3FE1B8C29E1B0C50065FE23 /* Debug */,
				B3FE1B8D29E1B0C50065FE23 /* Release */,
			);
			defaultConfigurationIsVisible = 0;
			defaultConfigurationName = Release;
		};
/* End XCConfigurationList section */
	};
	rootObject = B3FE1B5929E1B0C40065FE23 /* Project object */;
}
